
Microsoft Visual Studio Solution File, Format Version 12.00
# Visual Studio Version 17
VisualStudioVersion = 17.3.32804.467
MinimumVisualStudioVersion = 10.0.40219.1
Project("{FAE04EC0-301F-11D3-BF4B-00C04F79EFBC}") = "DesignDevelopDeploy Software", "DesignDevelopDeploy Software\DesignDevelopDeploy Software.csproj", "{984FF20A-DD1F-4B42-A115-B3BC109101BE}"
EndProject
Global
	GlobalSection(SolutionConfigurationPlatforms) = preSolution
		Debug|Any CPU = Debug|Any CPU
		Release|Any CPU = Release|Any CPU
	EndGlobalSection
	GlobalSection(ProjectConfigurationPlatforms) = postSolution
		{984FF20A-DD1F-4B42-A115-B3BC109101BE}.Debug|Any CPU.ActiveCfg = Debug|Any CPU
		{984FF20A-DD1F-4B42-A115-B3BC109101BE}.Debug|Any CPU.Build.0 = Debug|Any CPU
		{984FF20A-DD1F-4B42-A115-B3BC109101BE}.Release|Any CPU.ActiveCfg = Release|Any CPU
		{984FF20A-DD1F-4B42-A115-B3BC109101BE}.Release|Any CPU.Build.0 = Release|Any CPU
	EndGlobalSection
	GlobalSection(SolutionProperties) = preSolution
		HideSolutionNode = FALSE
	EndGlobalSection
	GlobalSection(ExtensibilityGlobals) = postSolution
		SolutionGuid = {D5720F4B-B8F8-43D4-B205-10B1AA629D9A}
	EndGlobalSection
EndGlobal
